
Microsoft Visual Studio Solution File, Format Version 12.00
# Visual Studio Version 16
VisualStudioVersion = 16.0.31019.35
MinimumVisualStudioVersion = 10.0.40219.1
Project("{FAE04EC0-301F-11D3-BF4B-00C04F79EFBC}") = "Radius", "Radius\Radius.csproj", "{46BDA9D7-E64C-4177-A595-57E526986D57}"
EndProject
Global
	GlobalSection(SolutionConfigurationPlatforms) = preSolution
		Debug|Any CPU = Debug|Any CPU
		Release|Any CPU = Release|Any CPU
	EndGlobalSection
	GlobalSection(ProjectConfigurationPlatforms) = postSolution
		{46BDA9D7-E64C-4177-A595-57E526986D57}.Debug|Any CPU.ActiveCfg = Debug|Any CPU
		{46BDA9D7-E64C-4177-A595-57E526986D57}.Debug|Any CPU.Build.0 = Debug|Any CPU
		{46BDA9D7-E64C-4177-A595-57E526986D57}.Release|Any CPU.ActiveCfg = Release|Any CPU
		{46BDA9D7-E64C-4177-A595-57E526986D57}.Release|Any CPU.Build.0 = Release|Any CPU
	EndGlobalSection
	GlobalSection(SolutionProperties) = preSolution
		HideSolutionNode = FALSE
	EndGlobalSection
	GlobalSection(ExtensibilityGlobals) = postSolution
		SolutionGuid = {0648251E-4AF7-4B2A-A368-B0740C3CA8D8}
	EndGlobalSection
EndGlobal
